
Microsoft Visual Studio Solution File, Format Version 12.00
# Visual Studio Version 16
VisualStudioVersion = 16.0.30804.86
MinimumVisualStudioVersion = 10.0.40219.1
Project("{FAE04EC0-301F-11D3-BF4B-00C04F79EFBC}") = "googlePlayReceiptValidation", "googlePlayReceiptValidation\googlePlayReceiptValidation.csproj", "{C8360263-17EE-42CD-AD62-D1B5DBAF43AA}"
EndProject
Global
	GlobalSection(SolutionConfigurationPlatforms) = preSolution
		Debug|Any CPU = Debug|Any CPU
		Release|Any CPU = Release|Any CPU
	EndGlobalSection
	GlobalSection(ProjectConfigurationPlatforms) = postSolution
		{C8360263-17EE-42CD-AD62-D1B5DBAF43AA}.Debug|Any CPU.ActiveCfg = Debug|Any CPU
		{C8360263-17EE-42CD-AD62-D1B5DBAF43AA}.Debug|Any CPU.Build.0 = Debug|Any CPU
		{C8360263-17EE-42CD-AD62-D1B5DBAF43AA}.Release|Any CPU.ActiveCfg = Release|Any CPU
		{C8360263-17EE-42CD-AD62-D1B5DBAF43AA}.Release|Any CPU.Build.0 = Release|Any CPU
	EndGlobalSection
	GlobalSection(SolutionProperties) = preSolution
		HideSolutionNode = FALSE
	EndGlobalSection
	GlobalSection(ExtensibilityGlobals) = postSolution
		SolutionGuid = {937A19D4-66E3-4091-B1EF-F245C42D8586}
	EndGlobalSection
EndGlobal
